
Microsoft Visual Studio Solution File, Format Version 12.00
# Visual Studio Version 17
VisualStudioVersion = 17.3.32929.385
MinimumVisualStudioVersion = 10.0.40219.1
Project("{FAE04EC0-301F-11D3-BF4B-00C04F79EFBC}") = "PivotController", "PivotController.csproj", "{EFBD216E-E9E6-47CF-8C56-495D6F94CB3D}"
EndProject
Global
	GlobalSection(SolutionConfigurationPlatforms) = preSolution
		Debug|Any CPU = Debug|Any CPU
		Release|Any CPU = Release|Any CPU
	EndGlobalSection
	GlobalSection(ProjectConfigurationPlatforms) = postSolution
		{EFBD216E-E9E6-47CF-8C56-495D6F94CB3D}.Debug|Any CPU.ActiveCfg = Debug|Any CPU
		{EFBD216E-E9E6-47CF-8C56-495D6F94CB3D}.Debug|Any CPU.Build.0 = Debug|Any CPU
		{EFBD216E-E9E6-47CF-8C56-495D6F94CB3D}.Release|Any CPU.ActiveCfg = Release|Any CPU
		{EFBD216E-E9E6-47CF-8C56-495D6F94CB3D}.Release|Any CPU.Build.0 = Release|Any CPU
	EndGlobalSection
	GlobalSection(SolutionProperties) = preSolution
		HideSolutionNode = FALSE
	EndGlobalSection
	GlobalSection(ExtensibilityGlobals) = postSolution
		SolutionGuid = {71B55653-195B-4B99-9F6F-6C4D5EA29BDD}
	EndGlobalSection
EndGlobal
